
Microsoft Visual Studio Solution File, Format Version 12.00
# Visual Studio Version 16
VisualStudioVersion = 16.0.29318.209
MinimumVisualStudioVersion = 10.0.40219.1
Project("{FAE04EC0-301F-11D3-BF4B-00C04F79EFBC}") = "Llifo.Overlay", "Llifo.Overlay\Llifo.Overlay.csproj", "{54C20945-50FB-4DA7-969B-3F5DBB1BE621}"
EndProject
Global
	GlobalSection(SolutionConfigurationPlatforms) = preSolution
		Debug|Any CPU = Debug|Any CPU
		Release|Any CPU = Release|Any CPU
	EndGlobalSection
	GlobalSection(ProjectConfigurationPlatforms) = postSolution
		{54C20945-50FB-4DA7-969B-3F5DBB1BE621}.Debug|Any CPU.ActiveCfg = Debug|Any CPU
		{54C20945-50FB-4DA7-969B-3F5DBB1BE621}.Debug|Any CPU.Build.0 = Debug|Any CPU
		{54C20945-50FB-4DA7-969B-3F5DBB1BE621}.Release|Any CPU.ActiveCfg = Release|Any CPU
		{54C20945-50FB-4DA7-969B-3F5DBB1BE621}.Release|Any CPU.Build.0 = Release|Any CPU
	EndGlobalSection
	GlobalSection(SolutionProperties) = preSolution
		HideSolutionNode = FALSE
	EndGlobalSection
	GlobalSection(ExtensibilityGlobals) = postSolution
		SolutionGuid = {B90DA9F3-DE13-45BF-8E3E-00D7E09CAE29}
	EndGlobalSection
EndGlobal
